
Microsoft Visual Studio Solution File, Format Version 12.00
# Visual Studio Version 17
VisualStudioVersion = 17.5.002.0
MinimumVisualStudioVersion = 10.0.40219.1
Project("{9A19103F-16F7-4668-BE54-9A1E7A4F7556}") = "Test Code", "Test Code.csproj", "{D8B2971B-659B-49B4-8221-4B8E45DE43FC}"
EndProject
Global
	GlobalSection(SolutionConfigurationPlatforms) = preSolution
		Debug|Any CPU = Debug|Any CPU
		Release|Any CPU = Release|Any CPU
	EndGlobalSection
	GlobalSection(ProjectConfigurationPlatforms) = postSolution
		{D8B2971B-659B-49B4-8221-4B8E45DE43FC}.Debug|Any CPU.ActiveCfg = Debug|Any CPU
		{D8B2971B-659B-49B4-8221-4B8E45DE43FC}.Debug|Any CPU.Build.0 = Debug|Any CPU
		{D8B2971B-659B-49B4-8221-4B8E45DE43FC}.Release|Any CPU.ActiveCfg = Release|Any CPU
		{D8B2971B-659B-49B4-8221-4B8E45DE43FC}.Release|Any CPU.Build.0 = Release|Any CPU
	EndGlobalSection
	GlobalSection(SolutionProperties) = preSolution
		HideSolutionNode = FALSE
	EndGlobalSection
	GlobalSection(ExtensibilityGlobals) = postSolution
		SolutionGuid = {6586E771-CB93-4695-9AE7-5F4BA6800284}
	EndGlobalSection
EndGlobal
